<?xml version="1.0" encoding="utf-8"?>
<Project ToolsVersion="4.0" xmlns="http://schemas.microsoft.com/developer/msbuild/2003">
  <ItemGroup>
    <Filter Include="Source Files">
      <UniqueIdentifier>{4FC737F1-C7A5-4376-A066-2A32D752A2FF}</UniqueIdentifier>
      <Extensions>cpp;c;cc;cxx;def;odl;idl;hpj;bat;asm;asmx</Extensions>
    </Filter>
    <Filter Include="Header Files">
      <UniqueIdentifier>{93995380-89BD-4b04-88EB-625FBE52EBFB}</UniqueIdentifier>
      <Extensions>h;hh;hpp;hxx;hm;inl;inc;xsd</Extensions>
    </Filter>
    <Filter Include="Resource Files">
      <UniqueIdentifier>{67DA6AB6-F800-4c08-8B7A-83BB121AAD01}</UniqueIdentifier>
      <Extensions>rc;ico;cur;bmp;dlg;rc2;rct;bin;rgs;gif;jpg;jpeg;jpe;resx;tiff;tif;png;wav;mfcribbon-ms</Extensions>
    </Filter>
  </ItemGroup>
  <ItemGroup>
    <ClInclude Include="..\src\InfiniteVector\IvAllocator.h">
      <Filter>Header Files</Filter>
    </ClInclude>
    <ClInclude Include="..\src\InfiniteVector\IvDefinitions.h">
      <Filter>Header Files</Filter>
    </ClInclude>
    <ClInclude Include="..\src\InfiniteVector\IvEntry.h">
      <Filter>Header Files</Filter>
    </ClInclude>
    <ClInclude Include="..\src\InfiniteVector\IvHeader.h">
      <Filter>Header Files</Filter>
    </ClInclude>
    <ClInclude Include="..\src\InfiniteVector\IvPositionEntry.h">
      <Filter>Header Files</Filter>
    </ClInclude>
    <ClInclude Include="..\src\InfiniteVector\IvResolver.h">
      <Filter>Header Files</Filter>
    </ClInclude>
    <ClInclude Include="..\src\Common\CacheLIne.h">
      <Filter>Header Files</Filter>
    </ClInclude>
    <ClInclude Include="..\src\Common\MPassPch.h">
      <Filter>Header Files</Filter>
    </ClInclude>
    <ClInclude Include="..\src\Common\Spinlock.h">
      <Filter>Header Files</Filter>
    </ClInclude>
    <ClInclude Include="..\src\InfiniteVector\IvReservePosition.h">
      <Filter>Header Files</Filter>
    </ClInclude>
    <ClInclude Include="..\src\InfiniteVector\IvEntryAccessor.h">
      <Filter>Header Files</Filter>
    </ClInclude>
    <ClInclude Include="..\src\InfiniteVector\MemoryBlockPool.h">
      <Filter>Header Files</Filter>
    </ClInclude>
    <ClInclude Include="..\src\InfiniteVector\MemoryBlockPoolFwd.h">
      <Filter>Header Files</Filter>
    </ClInclude>
    <ClInclude Include="..\src\InfiniteVector\Message.h">
      <Filter>Header Files</Filter>
    </ClInclude>
    <ClInclude Include="..\src\InfiniteVector\Connection.h">
      <Filter>Header Files</Filter>
    </ClInclude>
    <ClInclude Include="..\src\InfiniteVector\Consumer.h">
      <Filter>Header Files</Filter>
    </ClInclude>
    <ClInclude Include="..\src\InfiniteVector\Producer.h">
      <Filter>Header Files</Filter>
    </ClInclude>
    <ClInclude Include="..\src\InfiniteVector\ConsumerWaitStrategy.h">
      <Filter>Header Files</Filter>
    </ClInclude>
    <ClInclude Include="..\src\InfiniteVector\CreationParameters.h">
      <Filter>Header Files</Filter>
    </ClInclude>
  </ItemGroup>
  <ItemGroup>
    <ClCompile Include="..\src\InfiniteVector\IvHeader.cpp">
      <Filter>Source Files</Filter>
    </ClCompile>
    <ClCompile Include="..\src\Common\MPassPch.cpp">
      <Filter>Source Files</Filter>
    </ClCompile>
    <ClCompile Include="..\src\InfiniteVector\IvConnection.cpp">
      <Filter>Source Files</Filter>
    </ClCompile>
    <ClCompile Include="..\src\InfiniteVector\IvProducer.cpp">
      <Filter>Source Files</Filter>
    </ClCompile>
    <ClCompile Include="..\src\InfiniteVector\IvConsumer.cpp">
      <Filter>Source Files</Filter>
    </ClCompile>
    <ClCompile Include="..\src\InfiniteVector\MemoryBlockPool.cpp">
      <Filter>Source Files</Filter>
    </ClCompile>
    <ClCompile Include="..\src\InfiniteVector\Message.cpp">
      <Filter>Source Files</Filter>
    </ClCompile>
  </ItemGroup>
</Project>